
Microsoft Visual Studio Solution File, Format Version 12.00
# Visual Studio Version 17
VisualStudioVersion = 17.11.35327.3
MinimumVisualStudioVersion = 10.0.40219.1
Project("{FAE04EC0-301F-11D3-BF4B-00C04F79EFBC}") = "test-app", "test-app\test-app.csproj", "{1499DD4A-98BB-4200-88D2-3E5B10DDD00C}"
EndProject
Global
	GlobalSection(SolutionConfigurationPlatforms) = preSolution
		Debug|Any CPU = Debug|Any CPU
		Release|Any CPU = Release|Any CPU
	EndGlobalSection
	GlobalSection(ProjectConfigurationPlatforms) = postSolution
		{1499DD4A-98BB-4200-88D2-3E5B10DDD00C}.Debug|Any CPU.ActiveCfg = Debug|Any CPU
		{1499DD4A-98BB-4200-88D2-3E5B10DDD00C}.Debug|Any CPU.Build.0 = Debug|Any CPU
		{1499DD4A-98BB-4200-88D2-3E5B10DDD00C}.Release|Any CPU.ActiveCfg = Release|Any CPU
		{1499DD4A-98BB-4200-88D2-3E5B10DDD00C}.Release|Any CPU.Build.0 = Release|Any CPU
	EndGlobalSection
	GlobalSection(SolutionProperties) = preSolution
		HideSolutionNode = FALSE
	EndGlobalSection
	GlobalSection(ExtensibilityGlobals) = postSolution
		SolutionGuid = {77844F64-5294-4F6F-B70E-4C9DE493FB99}
	EndGlobalSection
EndGlobal
